
Microsoft Visual Studio Solution File, Format Version 12.00
# Visual Studio Version 16
VisualStudioVersion = 16.0.32228.343
MinimumVisualStudioVersion = 10.0.40219.1
Project("{FAE04EC0-301F-11D3-BF4B-00C04F79EFBC}") = "ReadWriteMemory - Omer", "ReadWriteMemory - Omer\ReadWriteMemory - Omer.csproj", "{93074F21-B893-4FDF-A769-3AE9233B8481}"
EndProject
Global
	GlobalSection(SolutionConfigurationPlatforms) = preSolution
		Debug|Any CPU = Debug|Any CPU
		Release|Any CPU = Release|Any CPU
	EndGlobalSection
	GlobalSection(ProjectConfigurationPlatforms) = postSolution
		{93074F21-B893-4FDF-A769-3AE9233B8481}.Debug|Any CPU.ActiveCfg = Debug|Any CPU
		{93074F21-B893-4FDF-A769-3AE9233B8481}.Debug|Any CPU.Build.0 = Debug|Any CPU
		{93074F21-B893-4FDF-A769-3AE9233B8481}.Release|Any CPU.ActiveCfg = Release|Any CPU
		{93074F21-B893-4FDF-A769-3AE9233B8481}.Release|Any CPU.Build.0 = Release|Any CPU
	EndGlobalSection
	GlobalSection(SolutionProperties) = preSolution
		HideSolutionNode = FALSE
	EndGlobalSection
	GlobalSection(ExtensibilityGlobals) = postSolution
		SolutionGuid = {6DC685E3-1022-4356-A1B1-FD322E5DC296}
	EndGlobalSection
EndGlobal
